
Microsoft Visual Studio Solution File, Format Version 12.00
# Visual Studio 15
VisualStudioVersion = 15.0.26124.0
MinimumVisualStudioVersion = 15.0.26124.0
Project("{FAE04EC0-301F-11D3-BF4B-00C04F79EFBC}") = "Penguin.Reflection.Serialization.Extensions.Local", "Penguin.Reflection.Serialization.Extensions.Local.csproj", "{EC0155E3-862F-496A-8281-43D9746C2A07}"
EndProject
Project("{FAE04EC0-301F-11D3-BF4B-00C04F79EFBC}") = "Penguin.Reflection.Serialization.Local", "..\Penguin.Reflection.Serialization\Penguin.Reflection.Serialization.Local.csproj", "{A802FD51-3CFC-41DC-8E08-8592ED4F9AE1}"
EndProject
Project("{FAE04EC0-301F-11D3-BF4B-00C04F79EFBC}") = "Penguin.Extensions.Collections.Local", "..\Penguin.Extensions.Collections\Penguin.Extensions.Collections.Local.csproj", "{30F832FB-4B7C-44BF-9AF0-78FDAD6ADCA2}"
EndProject
Project("{FAE04EC0-301F-11D3-BF4B-00C04F79EFBC}") = "Penguin.Reflection.Extensions.Local", "..\Penguin.Reflection.Extensions\Penguin.Reflection.Extensions.Local.csproj", "{F9ED47DF-4D6A-45CC-8303-269B475B2E63}"
EndProject
Project("{FAE04EC0-301F-11D3-BF4B-00C04F79EFBC}") = "Penguin.Reflection.Abstractions.Local", "..\Penguin.Reflection.Abstractions\Penguin.Reflection.Abstractions.Local.csproj", "{0C89929D-A8ED-44A9-83FF-E40E083F41CB}"
EndProject
Project("{FAE04EC0-301F-11D3-BF4B-00C04F79EFBC}") = "Penguin.Extensions.String.Local", "..\Penguin.Extensions.String\Penguin.Extensions.String.Local.csproj", "{4C68930C-6241-4490-86EB-039CB9D0DB0B}"
EndProject
Project("{FAE04EC0-301F-11D3-BF4B-00C04F79EFBC}") = "Penguin.Reflection.Serialization.Abstractions.Local", "..\Penguin.Reflection.Serialization.Abstractions\Penguin.Reflection.Serialization.Abstractions.Local.csproj", "{C3CA21D8-B16C-4866-B9F6-7B0748B26FB2}"
EndProject
Project("{FAE04EC0-301F-11D3-BF4B-00C04F79EFBC}") = "Penguin.Reflection.Local", "..\Penguin.Reflection\Penguin.Reflection.Local.csproj", "{1BCF1BD4-92D8-4798-95DC-379235FCA13A}"
EndProject
Project("{FAE04EC0-301F-11D3-BF4B-00C04F79EFBC}") = "Penguin.Debugging.Local", "..\Penguin.Debugging\Penguin.Debugging.Local.csproj", "{D6207C06-9DA1-4DD0-BB01-32CB4509C718}"
EndProject
Project("{FAE04EC0-301F-11D3-BF4B-00C04F79EFBC}") = "Penguin.Extensions.Exceptions.Local", "..\Penguin.Extensions.Exceptions\Penguin.Extensions.Exceptions.Local.csproj", "{0563E111-192F-434A-A081-E7AC6F203992}"
EndProject
Global
	GlobalSection(SolutionConfigurationPlatforms) = preSolution
		Debug|Any CPU = Debug|Any CPU
		Debug|x64 = Debug|x64
		Debug|x86 = Debug|x86
		Release|Any CPU = Release|Any CPU
		Release|x64 = Release|x64
		Release|x86 = Release|x86
	EndGlobalSection
	GlobalSection(SolutionProperties) = preSolution
		HideSolutionNode = FALSE
	EndGlobalSection
	GlobalSection(ProjectConfigurationPlatforms) = postSolution
		{EC0155E3-862F-496A-8281-43D9746C2A07}.Debug|Any CPU.ActiveCfg = Debug|Any CPU
		{EC0155E3-862F-496A-8281-43D9746C2A07}.Debug|Any CPU.Build.0 = Debug|Any CPU
		{EC0155E3-862F-496A-8281-43D9746C2A07}.Debug|x64.ActiveCfg = Debug|Any CPU
		{EC0155E3-862F-496A-8281-43D9746C2A07}.Debug|x64.Build.0 = Debug|Any CPU
		{EC0155E3-862F-496A-8281-43D9746C2A07}.Debug|x86.ActiveCfg = Debug|Any CPU
		{EC0155E3-862F-496A-8281-43D9746C2A07}.Debug|x86.Build.0 = Debug|Any CPU
		{EC0155E3-862F-496A-8281-43D9746C2A07}.Release|Any CPU.ActiveCfg = Release|Any CPU
		{EC0155E3-862F-496A-8281-43D9746C2A07}.Release|Any CPU.Build.0 = Release|Any CPU
		{EC0155E3-862F-496A-8281-43D9746C2A07}.Release|x64.ActiveCfg = Release|Any CPU
		{EC0155E3-862F-496A-8281-43D9746C2A07}.Release|x64.Build.0 = Release|Any CPU
		{EC0155E3-862F-496A-8281-43D9746C2A07}.Release|x86.ActiveCfg = Release|Any CPU
		{EC0155E3-862F-496A-8281-43D9746C2A07}.Release|x86.Build.0 = Release|Any CPU
		{A802FD51-3CFC-41DC-8E08-8592ED4F9AE1}.Debug|Any CPU.ActiveCfg = Debug|Any CPU
		{A802FD51-3CFC-41DC-8E08-8592ED4F9AE1}.Debug|Any CPU.Build.0 = Debug|Any CPU
		{A802FD51-3CFC-41DC-8E08-8592ED4F9AE1}.Debug|x64.ActiveCfg = Debug|Any CPU
		{A802FD51-3CFC-41DC-8E08-8592ED4F9AE1}.Debug|x64.Build.0 = Debug|Any CPU
		{A802FD51-3CFC-41DC-8E08-8592ED4F9AE1}.Debug|x86.ActiveCfg = Debug|Any CPU
		{A802FD51-3CFC-41DC-8E08-8592ED4F9AE1}.Debug|x86.Build.0 = Debug|Any CPU
		{A802FD51-3CFC-41DC-8E08-8592ED4F9AE1}.Release|Any CPU.ActiveCfg = Release|Any CPU
		{A802FD51-3CFC-41DC-8E08-8592ED4F9AE1}.Release|Any CPU.Build.0 = Release|Any CPU
		{A802FD51-3CFC-41DC-8E08-8592ED4F9AE1}.Release|x64.ActiveCfg = Release|Any CPU
		{A802FD51-3CFC-41DC-8E08-8592ED4F9AE1}.Release|x64.Build.0 = Release|Any CPU
		{A802FD51-3CFC-41DC-8E08-8592ED4F9AE1}.Release|x86.ActiveCfg = Release|Any CPU
		{A802FD51-3CFC-41DC-8E08-8592ED4F9AE1}.Release|x86.Build.0 = Release|Any CPU
		{30F832FB-4B7C-44BF-9AF0-78FDAD6ADCA2}.Debug|Any CPU.ActiveCfg = Debug|Any CPU
		{30F832FB-4B7C-44BF-9AF0-78FDAD6ADCA2}.Debug|Any CPU.Build.0 = Debug|Any CPU
		{30F832FB-4B7C-44BF-9AF0-78FDAD6ADCA2}.Debug|x64.ActiveCfg = Debug|Any CPU
		{30F832FB-4B7C-44BF-9AF0-78FDAD6ADCA2}.Debug|x64.Build.0 = Debug|Any CPU
		{30F832FB-4B7C-44BF-9AF0-78FDAD6ADCA2}.Debug|x86.ActiveCfg = Debug|Any CPU
		{30F832FB-4B7C-44BF-9AF0-78FDAD6ADCA2}.Debug|x86.Build.0 = Debug|Any CPU
		{30F832FB-4B7C-44BF-9AF0-78FDAD6ADCA2}.Release|Any CPU.ActiveCfg = Release|Any CPU
		{30F832FB-4B7C-44BF-9AF0-78FDAD6ADCA2}.Release|Any CPU.Build.0 = Release|Any CPU
		{30F832FB-4B7C-44BF-9AF0-78FDAD6ADCA2}.Release|x64.ActiveCfg = Release|Any CPU
		{30F832FB-4B7C-44BF-9AF0-78FDAD6ADCA2}.Release|x64.Build.0 = Release|Any CPU
		{30F832FB-4B7C-44BF-9AF0-78FDAD6ADCA2}.Release|x86.ActiveCfg = Release|Any CPU
		{30F832FB-4B7C-44BF-9AF0-78FDAD6ADCA2}.Release|x86.Build.0 = Release|Any CPU
		{F9ED47DF-4D6A-45CC-8303-269B475B2E63}.Debug|Any CPU.ActiveCfg = Debug|Any CPU
		{F9ED47DF-4D6A-45CC-8303-269B475B2E63}.Debug|Any CPU.Build.0 = Debug|Any CPU
		{F9ED47DF-4D6A-45CC-8303-269B475B2E63}.Debug|x64.ActiveCfg = Debug|Any CPU
		{F9ED47DF-4D6A-45CC-8303-269B475B2E63}.Debug|x64.Build.0 = Debug|Any CPU
		{F9ED47DF-4D6A-45CC-8303-269B475B2E63}.Debug|x86.ActiveCfg = Debug|Any CPU
		{F9ED47DF-4D6A-45CC-8303-269B475B2E63}.Debug|x86.Build.0 = Debug|Any CPU
		{F9ED47DF-4D6A-45CC-8303-269B475B2E63}.Release|Any CPU.ActiveCfg = Release|Any CPU
		{F9ED47DF-4D6A-45CC-8303-269B475B2E63}.Release|Any CPU.Build.0 = Release|Any CPU
		{F9ED47DF-4D6A-45CC-8303-269B475B2E63}.Release|x64.ActiveCfg = Release|Any CPU
		{F9ED47DF-4D6A-45CC-8303-269B475B2E63}.Release|x64.Build.0 = Release|Any CPU
		{F9ED47DF-4D6A-45CC-8303-269B475B2E63}.Release|x86.ActiveCfg = Release|Any CPU
		{F9ED47DF-4D6A-45CC-8303-269B475B2E63}.Release|x86.Build.0 = Release|Any CPU
		{0C89929D-A8ED-44A9-83FF-E40E083F41CB}.Debug|Any CPU.ActiveCfg = Debug|Any CPU
		{0C89929D-A8ED-44A9-83FF-E40E083F41CB}.Debug|Any CPU.Build.0 = Debug|Any CPU
		{0C89929D-A8ED-44A9-83FF-E40E083F41CB}.Debug|x64.ActiveCfg = Debug|Any CPU
		{0C89929D-A8ED-44A9-83FF-E40E083F41CB}.Debug|x64.Build.0 = Debug|Any CPU
		{0C89929D-A8ED-44A9-83FF-E40E083F41CB}.Debug|x86.ActiveCfg = Debug|Any CPU
		{0C89929D-A8ED-44A9-83FF-E40E083F41CB}.Debug|x86.Build.0 = Debug|Any CPU
		{0C89929D-A8ED-44A9-83FF-E40E083F41CB}.Release|Any CPU.ActiveCfg = Release|Any CPU
		{0C89929D-A8ED-44A9-83FF-E40E083F41CB}.Release|Any CPU.Build.0 = Release|Any CPU
		{0C89929D-A8ED-44A9-83FF-E40E083F41CB}.Release|x64.ActiveCfg = Release|Any CPU
		{0C89929D-A8ED-44A9-83FF-E40E083F41CB}.Release|x64.Build.0 = Release|Any CPU
		{0C89929D-A8ED-44A9-83FF-E40E083F41CB}.Release|x86.ActiveCfg = Release|Any CPU
		{0C89929D-A8ED-44A9-83FF-E40E083F41CB}.Release|x86.Build.0 = Release|Any CPU
		{4C68930C-6241-4490-86EB-039CB9D0DB0B}.Debug|Any CPU.ActiveCfg = Debug|Any CPU
		{4C68930C-6241-4490-86EB-039CB9D0DB0B}.Debug|Any CPU.Build.0 = Debug|Any CPU
		{4C68930C-6241-4490-86EB-039CB9D0DB0B}.Debug|x64.ActiveCfg = Debug|Any CPU
		{4C68930C-6241-4490-86EB-039CB9D0DB0B}.Debug|x64.Build.0 = Debug|Any CPU
		{4C68930C-6241-4490-86EB-039CB9D0DB0B}.Debug|x86.ActiveCfg = Debug|Any CPU
		{4C68930C-6241-4490-86EB-039CB9D0DB0B}.Debug|x86.Build.0 = Debug|Any CPU
		{4C68930C-6241-4490-86EB-039CB9D0DB0B}.Release|Any CPU.ActiveCfg = Release|Any CPU
		{4C68930C-6241-4490-86EB-039CB9D0DB0B}.Release|Any CPU.Build.0 = Release|Any CPU
		{4C68930C-6241-4490-86EB-039CB9D0DB0B}.Release|x64.ActiveCfg = Release|Any CPU
		{4C68930C-6241-4490-86EB-039CB9D0DB0B}.Release|x64.Build.0 = Release|Any CPU
		{4C68930C-6241-4490-86EB-039CB9D0DB0B}.Release|x86.ActiveCfg = Release|Any CPU
		{4C68930C-6241-4490-86EB-039CB9D0DB0B}.Release|x86.Build.0 = Release|Any CPU
		{C3CA21D8-B16C-4866-B9F6-7B0748B26FB2}.Debug|Any CPU.ActiveCfg = Debug|Any CPU
		{C3CA21D8-B16C-4866-B9F6-7B0748B26FB2}.Debug|Any CPU.Build.0 = Debug|Any CPU
		{C3CA21D8-B16C-4866-B9F6-7B0748B26FB2}.Debug|x64.ActiveCfg = Debug|Any CPU
		{C3CA21D8-B16C-4866-B9F6-7B0748B26FB2}.Debug|x64.Build.0 = Debug|Any CPU
		{C3CA21D8-B16C-4866-B9F6-7B0748B26FB2}.Debug|x86.ActiveCfg = Debug|Any CPU
		{C3CA21D8-B16C-4866-B9F6-7B0748B26FB2}.Debug|x86.Build.0 = Debug|Any CPU
		{C3CA21D8-B16C-4866-B9F6-7B0748B26FB2}.Release|Any CPU.ActiveCfg = Release|Any CPU
		{C3CA21D8-B16C-4866-B9F6-7B0748B26FB2}.Release|Any CPU.Build.0 = Release|Any CPU
		{C3CA21D8-B16C-4866-B9F6-7B0748B26FB2}.Release|x64.ActiveCfg = Release|Any CPU
		{C3CA21D8-B16C-4866-B9F6-7B0748B26FB2}.Release|x64.Build.0 = Release|Any CPU
		{C3CA21D8-B16C-4866-B9F6-7B0748B26FB2}.Release|x86.ActiveCfg = Release|Any CPU
		{C3CA21D8-B16C-4866-B9F6-7B0748B26FB2}.Release|x86.Build.0 = Release|Any CPU
		{1BCF1BD4-92D8-4798-95DC-379235FCA13A}.Debug|Any CPU.ActiveCfg = Debug|Any CPU
		{1BCF1BD4-92D8-4798-95DC-379235FCA13A}.Debug|Any CPU.Build.0 = Debug|Any CPU
		{1BCF1BD4-92D8-4798-95DC-379235FCA13A}.Debug|x64.ActiveCfg = Debug|Any CPU
		{1BCF1BD4-92D8-4798-95DC-379235FCA13A}.Debug|x64.Build.0 = Debug|Any CPU
		{1BCF1BD4-92D8-4798-95DC-379235FCA13A}.Debug|x86.ActiveCfg = Debug|Any CPU
		{1BCF1BD4-92D8-4798-95DC-379235FCA13A}.Debug|x86.Build.0 = Debug|Any CPU
		{1BCF1BD4-92D8-4798-95DC-379235FCA13A}.Release|Any CPU.ActiveCfg = Release|Any CPU
		{1BCF1BD4-92D8-4798-95DC-379235FCA13A}.Release|Any CPU.Build.0 = Release|Any CPU
		{1BCF1BD4-92D8-4798-95DC-379235FCA13A}.Release|x64.ActiveCfg = Release|Any CPU
		{1BCF1BD4-92D8-4798-95DC-379235FCA13A}.Release|x64.Build.0 = Release|Any CPU
		{1BCF1BD4-92D8-4798-95DC-379235FCA13A}.Release|x86.ActiveCfg = Release|Any CPU
		{1BCF1BD4-92D8-4798-95DC-379235FCA13A}.Release|x86.Build.0 = Release|Any CPU
		{D6207C06-9DA1-4DD0-BB01-32CB4509C718}.Debug|Any CPU.ActiveCfg = Debug|Any CPU
		{D6207C06-9DA1-4DD0-BB01-32CB4509C718}.Debug|Any CPU.Build.0 = Debug|Any CPU
		{D6207C06-9DA1-4DD0-BB01-32CB4509C718}.Debug|x64.ActiveCfg = Debug|Any CPU
		{D6207C06-9DA1-4DD0-BB01-32CB4509C718}.Debug|x64.Build.0 = Debug|Any CPU
		{D6207C06-9DA1-4DD0-BB01-32CB4509C718}.Debug|x86.ActiveCfg = Debug|Any CPU
		{D6207C06-9DA1-4DD0-BB01-32CB4509C718}.Debug|x86.Build.0 = Debug|Any CPU
		{D6207C06-9DA1-4DD0-BB01-32CB4509C718}.Release|Any CPU.ActiveCfg = Release|Any CPU
		{D6207C06-9DA1-4DD0-BB01-32CB4509C718}.Release|Any CPU.Build.0 = Release|Any CPU
		{D6207C06-9DA1-4DD0-BB01-32CB4509C718}.Release|x64.ActiveCfg = Release|Any CPU
		{D6207C06-9DA1-4DD0-BB01-32CB4509C718}.Release|x64.Build.0 = Release|Any CPU
		{D6207C06-9DA1-4DD0-BB01-32CB4509C718}.Release|x86.ActiveCfg = Release|Any CPU
		{D6207C06-9DA1-4DD0-BB01-32CB4509C718}.Release|x86.Build.0 = Release|Any CPU
		{0563E111-192F-434A-A081-E7AC6F203992}.Debug|Any CPU.ActiveCfg = Debug|Any CPU
		{0563E111-192F-434A-A081-E7AC6F203992}.Debug|Any CPU.Build.0 = Debug|Any CPU
		{0563E111-192F-434A-A081-E7AC6F203992}.Debug|x64.ActiveCfg = Debug|Any CPU
		{0563E111-192F-434A-A081-E7AC6F203992}.Debug|x64.Build.0 = Debug|Any CPU
		{0563E111-192F-434A-A081-E7AC6F203992}.Debug|x86.ActiveCfg = Debug|Any CPU
		{0563E111-192F-434A-A081-E7AC6F203992}.Debug|x86.Build.0 = Debug|Any CPU
		{0563E111-192F-434A-A081-E7AC6F203992}.Release|Any CPU.ActiveCfg = Release|Any CPU
		{0563E111-192F-434A-A081-E7AC6F203992}.Release|Any CPU.Build.0 = Release|Any CPU
		{0563E111-192F-434A-A081-E7AC6F203992}.Release|x64.ActiveCfg = Release|Any CPU
		{0563E111-192F-434A-A081-E7AC6F203992}.Release|x64.Build.0 = Release|Any CPU
		{0563E111-192F-434A-A081-E7AC6F203992}.Release|x86.ActiveCfg = Release|Any CPU
		{0563E111-192F-434A-A081-E7AC6F203992}.Release|x86.Build.0 = Release|Any CPU
	EndGlobalSection
EndGlobal
